
Microsoft Visual Studio Solution File, Format Version 12.00
# Visual Studio Version 17
VisualStudioVersion = 17.2.32314.265
MinimumVisualStudioVersion = 10.0.40219.1
Project("{FAE04EC0-301F-11D3-BF4B-00C04F79EFBC}") = "MadEntity", "MadEntity\MadEntity.csproj", "{C10EF385-3389-4EEA-B1FA-481180FCC36E}"
EndProject
Global
	GlobalSection(SolutionConfigurationPlatforms) = preSolution
		Debug|Any CPU = Debug|Any CPU
		Release|Any CPU = Release|Any CPU
	EndGlobalSection
	GlobalSection(ProjectConfigurationPlatforms) = postSolution
		{C10EF385-3389-4EEA-B1FA-481180FCC36E}.Debug|Any CPU.ActiveCfg = Debug|Any CPU
		{C10EF385-3389-4EEA-B1FA-481180FCC36E}.Debug|Any CPU.Build.0 = Debug|Any CPU
		{C10EF385-3389-4EEA-B1FA-481180FCC36E}.Release|Any CPU.ActiveCfg = Release|Any CPU
		{C10EF385-3389-4EEA-B1FA-481180FCC36E}.Release|Any CPU.Build.0 = Release|Any CPU
	EndGlobalSection
	GlobalSection(SolutionProperties) = preSolution
		HideSolutionNode = FALSE
	EndGlobalSection
	GlobalSection(ExtensibilityGlobals) = postSolution
		SolutionGuid = {1A819228-727A-44F4-92E2-258892988B14}
	EndGlobalSection
EndGlobal
